Microsoft Visual Studio Solution File, Format Version 12.00
# Visual Studio Version 17
VisualStudioVersion = 17.5.2.0
MinimumVisualStudioVersion = 10.0.40219.1
Project("{FAE04EC0-301F-11D3-BF4B-00C04F79EFBC}") = "PhraseService.UnitTests", "PhraseService.UnitTests.csproj", "{1F49511F-4285-A9E5-CF33-77344D48F970}"
EndProject
Global
	GlobalSection(SolutionConfigurationPlatforms) = preSolution
		Debug|Any CPU = Debug|Any CPU
		Release|Any CPU = Release|Any CPU
	EndGlobalSection
	GlobalSection(ProjectConfigurationPlatforms) = postSolution
		{1F49511F-4285-A9E5-CF33-77344D48F970}.Debug|Any CPU.ActiveCfg = Debug|Any CPU
		{1F49511F-4285-A9E5-CF33-77344D48F970}.Debug|Any CPU.Build.0 = Debug|Any CPU
		{1F49511F-4285-A9E5-CF33-77344D48F970}.Release|Any CPU.ActiveCfg = Release|Any CPU
		{1F49511F-4285-A9E5-CF33-77344D48F970}.Release|Any CPU.Build.0 = Release|Any CPU
	EndGlobalSection
	GlobalSection(SolutionProperties) = preSolution
		HideSolutionNode = FALSE
	EndGlobalSection
	GlobalSection(ExtensibilityGlobals) = postSolution
		SolutionGuid = {550B48EA-444D-43F4-AB92-0BFCAFBC9DEE}
	EndGlobalSection
EndGlobal
